
Microsoft Visual Studio Solution File, Format Version 12.00
# Visual Studio Version 17
VisualStudioVersion = 17.8.34330.188
MinimumVisualStudioVersion = 10.0.40219.1
Project("{FAE04EC0-301F-11D3-BF4B-00C04F79EFBC}") = "TechSupport", "TechSupport\TechSupport.csproj", "{6935428C-4F8B-4731-9BDE-E309C98CEF19}"
EndProject
Global
	GlobalSection(SolutionConfigurationPlatforms) = preSolution
		Debug|Any CPU = Debug|Any CPU
		Release|Any CPU = Release|Any CPU
	EndGlobalSection
	GlobalSection(ProjectConfigurationPlatforms) = postSolution
		{6935428C-4F8B-4731-9BDE-E309C98CEF19}.Debug|Any CPU.ActiveCfg = Debug|Any CPU
		{6935428C-4F8B-4731-9BDE-E309C98CEF19}.Debug|Any CPU.Build.0 = Debug|Any CPU
		{6935428C-4F8B-4731-9BDE-E309C98CEF19}.Release|Any CPU.ActiveCfg = Release|Any CPU
		{6935428C-4F8B-4731-9BDE-E309C98CEF19}.Release|Any CPU.Build.0 = Release|Any CPU
	EndGlobalSection
	GlobalSection(SolutionProperties) = preSolution
		HideSolutionNode = FALSE
	EndGlobalSection
	GlobalSection(ExtensibilityGlobals) = postSolution
		SolutionGuid = {A499DA6C-D588-4353-AD11-0D35A63931E1}
	EndGlobalSection
EndGlobal
